
Microsoft Visual Studio Solution File, Format Version 12.00
Project("{FAE04EC0-301F-11D3-BF4B-00C04F79EFBC}") = "GithubExample", "GithubExample\GithubExample.csproj", "{E41A9FA1-B0C9-43C8-9103-5F0EE8C12C98}"
EndProject
Global
	GlobalSection(SolutionConfigurationPlatforms) = preSolution
		Debug|Any CPU = Debug|Any CPU
		Release|Any CPU = Release|Any CPU
	EndGlobalSection
	GlobalSection(ProjectConfigurationPlatforms) = postSolution
		{E41A9FA1-B0C9-43C8-9103-5F0EE8C12C98}.Debug|Any CPU.ActiveCfg = Debug|Any CPU
		{E41A9FA1-B0C9-43C8-9103-5F0EE8C12C98}.Debug|Any CPU.Build.0 = Debug|Any CPU
		{E41A9FA1-B0C9-43C8-9103-5F0EE8C12C98}.Release|Any CPU.ActiveCfg = Release|Any CPU
		{E41A9FA1-B0C9-43C8-9103-5F0EE8C12C98}.Release|Any CPU.Build.0 = Release|Any CPU
	EndGlobalSection
EndGlobal
